{
  "name": "experiment2026july",
  "lockfileVersion": 3,
  "requires": true,
  "packages": {
    "": {
      "dependencies": {
        "typst-cli": "^1.0.0"
      }
    },
    "node_modules/typst-cli": {
      "version": "1.0.0",
      "resolved": "https://registry.npmjs.org/typst-cli/-/typst-cli-1.0.0.tgz",
      "integrity": "sha512-DIcsRFbzyCVQ8RvqDVKmZKWRcJaxa+zj0wNVw0DaEhX9YrfB9lNdAvPWn9AxfVlFcQe93uX9QihWNSPyCFVYHg==",
      "license": "ISC"
    }
  }
}
